
Microsoft Visual Studio Solution File, Format Version 12.00
# Visual Studio 15
VisualStudioVersion = 15.0.28307.1585
MinimumVisualStudioVersion = 10.0.40219.1
Project("{FAE04EC0-301F-11D3-BF4B-00C04F79EFBC}") = "Mag1.Android", "Mag1\Mag1.Android\Mag1.Android.csproj", "{EDCBEB39-59E0-4358-906F-A72950BAB414}"
EndProject
Project("{FAE04EC0-301F-11D3-BF4B-00C04F79EFBC}") = "Mag1", "Mag1\Mag1\Mag1.csproj", "{C1C678F1-DADA-43C5-9E98-0182D891AC8A}"
EndProject
Global
	GlobalSection(SolutionConfigurationPlatforms) = preSolution
		Debug|Any CPU = Debug|Any CPU
		Release|Any CPU = Release|Any CPU
	EndGlobalSection
	GlobalSection(ProjectConfigurationPlatforms) = postSolution
		{EDCBEB39-59E0-4358-906F-A72950BAB414}.Debug|Any CPU.ActiveCfg = Debug|Any CPU
		{EDCBEB39-59E0-4358-906F-A72950BAB414}.Debug|Any CPU.Build.0 = Debug|Any CPU
		{EDCBEB39-59E0-4358-906F-A72950BAB414}.Debug|Any CPU.Deploy.0 = Debug|Any CPU
		{EDCBEB39-59E0-4358-906F-A72950BAB414}.Release|Any CPU.ActiveCfg = Release|Any CPU
		{EDCBEB39-59E0-4358-906F-A72950BAB414}.Release|Any CPU.Build.0 = Release|Any CPU
		{EDCBEB39-59E0-4358-906F-A72950BAB414}.Release|Any CPU.Deploy.0 = Release|Any CPU
		{C1C678F1-DADA-43C5-9E98-0182D891AC8A}.Debug|Any CPU.ActiveCfg = Debug|Any CPU
		{C1C678F1-DADA-43C5-9E98-0182D891AC8A}.Debug|Any CPU.Build.0 = Debug|Any CPU
		{C1C678F1-DADA-43C5-9E98-0182D891AC8A}.Debug|Any CPU.Deploy.0 = Debug|Any CPU
		{C1C678F1-DADA-43C5-9E98-0182D891AC8A}.Release|Any CPU.ActiveCfg = Release|Any CPU
		{C1C678F1-DADA-43C5-9E98-0182D891AC8A}.Release|Any CPU.Build.0 = Release|Any CPU
		{C1C678F1-DADA-43C5-9E98-0182D891AC8A}.Release|Any CPU.Deploy.0 = Release|Any CPU
	EndGlobalSection
	GlobalSection(SolutionProperties) = preSolution
		HideSolutionNode = FALSE
	EndGlobalSection
	GlobalSection(ExtensibilityGlobals) = postSolution
		SolutionGuid = {49ACE02C-CB4B-4DB3-B184-218EB441D43C}
	EndGlobalSection
EndGlobal
